
Microsoft Visual Studio Solution File, Format Version 12.00
# Visual Studio Version 17
VisualStudioVersion = 17.6.33815.320
MinimumVisualStudioVersion = 10.0.40219.1
Project("{9A19103F-16F7-4668-BE54-9A1E7A4F7556}") = "Repository Pattern", "Repository Pattern.csproj", "{5634CB00-71CE-4464-AB9A-DEFA32F96491}"
EndProject
Project("{FAE04EC0-301F-11D3-BF4B-00C04F79EFBC}") = "ClassLibrary", "..\ClassLibrary\ClassLibrary.csproj", "{FC3EB4C8-492B-406B-9B3D-5DE5577A77F8}"
EndProject
Global
	GlobalSection(SolutionConfigurationPlatforms) = preSolution
		Debug|Any CPU = Debug|Any CPU
		Release|Any CPU = Release|Any CPU
	EndGlobalSection
	GlobalSection(ProjectConfigurationPlatforms) = postSolution
		{5634CB00-71CE-4464-AB9A-DEFA32F96491}.Debug|Any CPU.ActiveCfg = Debug|Any CPU
		{5634CB00-71CE-4464-AB9A-DEFA32F96491}.Debug|Any CPU.Build.0 = Debug|Any CPU
		{5634CB00-71CE-4464-AB9A-DEFA32F96491}.Release|Any CPU.ActiveCfg = Release|Any CPU
		{5634CB00-71CE-4464-AB9A-DEFA32F96491}.Release|Any CPU.Build.0 = Release|Any CPU
		{FC3EB4C8-492B-406B-9B3D-5DE5577A77F8}.Debug|Any CPU.ActiveCfg = Debug|Any CPU
		{FC3EB4C8-492B-406B-9B3D-5DE5577A77F8}.Debug|Any CPU.Build.0 = Debug|Any CPU
		{FC3EB4C8-492B-406B-9B3D-5DE5577A77F8}.Release|Any CPU.ActiveCfg = Release|Any CPU
		{FC3EB4C8-492B-406B-9B3D-5DE5577A77F8}.Release|Any CPU.Build.0 = Release|Any CPU
	EndGlobalSection
	GlobalSection(SolutionProperties) = preSolution
		HideSolutionNode = FALSE
	EndGlobalSection
	GlobalSection(ExtensibilityGlobals) = postSolution
		SolutionGuid = {82BC7D39-9D07-43C3-B384-7119C62FAB7B}
	EndGlobalSection
EndGlobal
